
Microsoft Visual Studio Solution File, Format Version 12.00
# Visual Studio Version 16
VisualStudioVersion = 16.0.30611.23
MinimumVisualStudioVersion = 10.0.40219.1
Project("{FAE04EC0-301F-11D3-BF4B-00C04F79EFBC}") = "RazorPagesMovie", "RazorPagesMovie\RazorPagesMovie.csproj", "{3249B727-4CF0-4BE0-991B-216A03757E34}"
EndProject
Global
	GlobalSection(SolutionConfigurationPlatforms) = preSolution
		Debug|Any CPU = Debug|Any CPU
		Release|Any CPU = Release|Any CPU
	EndGlobalSection
	GlobalSection(ProjectConfigurationPlatforms) = postSolution
		{3249B727-4CF0-4BE0-991B-216A03757E34}.Debug|Any CPU.ActiveCfg = Debug|Any CPU
		{3249B727-4CF0-4BE0-991B-216A03757E34}.Debug|Any CPU.Build.0 = Debug|Any CPU
		{3249B727-4CF0-4BE0-991B-216A03757E34}.Release|Any CPU.ActiveCfg = Release|Any CPU
		{3249B727-4CF0-4BE0-991B-216A03757E34}.Release|Any CPU.Build.0 = Release|Any CPU
	EndGlobalSection
	GlobalSection(SolutionProperties) = preSolution
		HideSolutionNode = FALSE
	EndGlobalSection
	GlobalSection(ExtensibilityGlobals) = postSolution
		SolutionGuid = {19122127-8481-4105-B6C6-F24B7F0A1C67}
	EndGlobalSection
EndGlobal
